
Microsoft Visual Studio Solution File, Format Version 12.00
# Visual Studio Version 16
VisualStudioVersion = 16.0.31829.152
MinimumVisualStudioVersion = 10.0.40219.1
Project("{8BC9CEB8-8B4A-11D0-8D11-00A0C91BC942}") = "recursive_string_reverse", "recursive_string_reverse.vcxproj", "{BB3CC005-2FD1-49F9-97E4-9E64890F0AB1}"
EndProject
Project("{8BC9CEB8-8B4A-11D0-8D11-00A0C91BC942}") = "RecursiveFactorial_for_VS2019", "..\RecursiveFactorial_for_VS2019\RecursiveFactorial_for_VS2019.vcxproj", "{6CA89A93-49A0-48D6-BA3E-5D6EA8D93AF6}"
EndProject
Global
	GlobalSection(SolutionConfigurationPlatforms) = preSolution
		Debug|x64 = Debug|x64
		Debug|x86 = Debug|x86
		Release|x64 = Release|x64
		Release|x86 = Release|x86
	EndGlobalSection
	GlobalSection(ProjectConfigurationPlatforms) = postSolution
		{BB3CC005-2FD1-49F9-97E4-9E64890F0AB1}.Debug|x64.ActiveCfg = Debug|x64
		{BB3CC005-2FD1-49F9-97E4-9E64890F0AB1}.Debug|x64.Build.0 = Debug|x64
		{BB3CC005-2FD1-49F9-97E4-9E64890F0AB1}.Debug|x86.ActiveCfg = Debug|Win32
		{BB3CC005-2FD1-49F9-97E4-9E64890F0AB1}.Debug|x86.Build.0 = Debug|Win32
		{BB3CC005-2FD1-49F9-97E4-9E64890F0AB1}.Release|x64.ActiveCfg = Release|x64
		{BB3CC005-2FD1-49F9-97E4-9E64890F0AB1}.Release|x64.Build.0 = Release|x64
		{BB3CC005-2FD1-49F9-97E4-9E64890F0AB1}.Release|x86.ActiveCfg = Release|Win32
		{BB3CC005-2FD1-49F9-97E4-9E64890F0AB1}.Release|x86.Build.0 = Release|Win32
		{6CA89A93-49A0-48D6-BA3E-5D6EA8D93AF6}.Debug|x64.ActiveCfg = Debug|x64
		{6CA89A93-49A0-48D6-BA3E-5D6EA8D93AF6}.Debug|x64.Build.0 = Debug|x64
		{6CA89A93-49A0-48D6-BA3E-5D6EA8D93AF6}.Debug|x86.ActiveCfg = Debug|Win32
		{6CA89A93-49A0-48D6-BA3E-5D6EA8D93AF6}.Debug|x86.Build.0 = Debug|Win32
		{6CA89A93-49A0-48D6-BA3E-5D6EA8D93AF6}.Release|x64.ActiveCfg = Release|x64
		{6CA89A93-49A0-48D6-BA3E-5D6EA8D93AF6}.Release|x64.Build.0 = Release|x64
		{6CA89A93-49A0-48D6-BA3E-5D6EA8D93AF6}.Release|x86.ActiveCfg = Release|Win32
		{6CA89A93-49A0-48D6-BA3E-5D6EA8D93AF6}.Release|x86.Build.0 = Release|Win32
	EndGlobalSection
	GlobalSection(SolutionProperties) = preSolution
		HideSolutionNode = FALSE
	EndGlobalSection
	GlobalSection(ExtensibilityGlobals) = postSolution
		SolutionGuid = {2FFC4CF1-6D89-4DB7-BBA3-5CB001D0D0F8}
	EndGlobalSection
EndGlobal
