
Microsoft Visual Studio Solution File, Format Version 12.00
# Visual Studio Version 16
VisualStudioVersion = 16.0.31911.196
MinimumVisualStudioVersion = 10.0.40219.1
Project("{8BC9CEB8-8B4A-11D0-8D11-00A0C91BC942}") = "FileDemo", "FileDemo.vcxproj", "{CF5153AD-C749-4EAB-AFD0-35232A0F9798}"
EndProject
Global
	GlobalSection(SolutionConfigurationPlatforms) = preSolution
		Debug|x64 = Debug|x64
		Debug|x86 = Debug|x86
		Release|x64 = Release|x64
		Release|x86 = Release|x86
	EndGlobalSection
	GlobalSection(ProjectConfigurationPlatforms) = postSolution
		{CF5153AD-C749-4EAB-AFD0-35232A0F9798}.Debug|x64.ActiveCfg = Debug|x64
		{CF5153AD-C749-4EAB-AFD0-35232A0F9798}.Debug|x64.Build.0 = Debug|x64
		{CF5153AD-C749-4EAB-AFD0-35232A0F9798}.Debug|x86.ActiveCfg = Debug|Win32
		{CF5153AD-C749-4EAB-AFD0-35232A0F9798}.Debug|x86.Build.0 = Debug|Win32
		{CF5153AD-C749-4EAB-AFD0-35232A0F9798}.Release|x64.ActiveCfg = Release|x64
		{CF5153AD-C749-4EAB-AFD0-35232A0F9798}.Release|x64.Build.0 = Release|x64
		{CF5153AD-C749-4EAB-AFD0-35232A0F9798}.Release|x86.ActiveCfg = Release|Win32
		{CF5153AD-C749-4EAB-AFD0-35232A0F9798}.Release|x86.Build.0 = Release|Win32
	EndGlobalSection
	GlobalSection(SolutionProperties) = preSolution
		HideSolutionNode = FALSE
	EndGlobalSection
	GlobalSection(ExtensibilityGlobals) = postSolution
		SolutionGuid = {4090CFC7-4598-4A9C-AC32-6CB1E0A7FA77}
	EndGlobalSection
EndGlobal
